
Microsoft Visual Studio Solution File, Format Version 12.00
# Visual Studio Version 17
VisualStudioVersion = 17.2.32616.157
MinimumVisualStudioVersion = 10.0.40219.1
Project("{FAE04EC0-301F-11D3-BF4B-00C04F79EFBC}") = "appHomeWork_8_9", "appHomeWork_8_9\appHomeWork_8_9.csproj", "{C23F44B1-B453-4033-BD67-2D21276F5C88}"
EndProject
Global
	GlobalSection(SolutionConfigurationPlatforms) = preSolution
		Debug|Any CPU = Debug|Any CPU
		Release|Any CPU = Release|Any CPU
	EndGlobalSection
	GlobalSection(ProjectConfigurationPlatforms) = postSolution
		{C23F44B1-B453-4033-BD67-2D21276F5C88}.Debug|Any CPU.ActiveCfg = Debug|Any CPU
		{C23F44B1-B453-4033-BD67-2D21276F5C88}.Debug|Any CPU.Build.0 = Debug|Any CPU
		{C23F44B1-B453-4033-BD67-2D21276F5C88}.Release|Any CPU.ActiveCfg = Release|Any CPU
		{C23F44B1-B453-4033-BD67-2D21276F5C88}.Release|Any CPU.Build.0 = Release|Any CPU
	EndGlobalSection
	GlobalSection(SolutionProperties) = preSolution
		HideSolutionNode = FALSE
	EndGlobalSection
	GlobalSection(ExtensibilityGlobals) = postSolution
		SolutionGuid = {53C10E96-5CC3-44A9-BDF4-0C214127DF16}
	EndGlobalSection
EndGlobal
